
Microsoft Visual Studio Solution File, Format Version 12.00
# Visual Studio 15
Project("{FAE04EC0-301F-11D3-BF4B-00C04F79EFBC}") = "TradeShipsNoMatterWhat", "TradeShipsNoMatterWhat\TradeShipsNoMatterWhat.csproj", "{3ADA1F4B-8EDE-4400-B4ED-3FB64717BBD7}"
EndProject
Global
	GlobalSection(SolutionConfigurationPlatforms) = preSolution
		Debug|Any CPU = Debug|Any CPU
		Release|Any CPU = Release|Any CPU
	EndGlobalSection
	GlobalSection(ProjectConfigurationPlatforms) = postSolution
		{3ADA1F4B-8EDE-4400-B4ED-3FB64717BBD7}.Debug|Any CPU.ActiveCfg = Debug|Any CPU
		{3ADA1F4B-8EDE-4400-B4ED-3FB64717BBD7}.Debug|Any CPU.Build.0 = Debug|Any CPU
		{3ADA1F4B-8EDE-4400-B4ED-3FB64717BBD7}.Release|Any CPU.ActiveCfg = Release|Any CPU
		{3ADA1F4B-8EDE-4400-B4ED-3FB64717BBD7}.Release|Any CPU.Build.0 = Release|Any CPU
	EndGlobalSection
EndGlobal
